
Microsoft Visual Studio Solution File, Format Version 12.00
# Visual Studio 15
VisualStudioVersion = 15.0.27703.1
MinimumVisualStudioVersion = 10.0.40219.1
Project("{FAE04EC0-301F-11D3-BF4B-00C04F79EFBC}") = "pushover", "WebApplication7\pushover.csproj", "{67C4ED0F-07CA-4C83-B0F2-88AB0B3CFAC1}"
EndProject
Global
	GlobalSection(SolutionConfigurationPlatforms) = preSolution
		Debug|Any CPU = Debug|Any CPU
		Release|Any CPU = Release|Any CPU
	EndGlobalSection
	GlobalSection(ProjectConfigurationPlatforms) = postSolution
		{67C4ED0F-07CA-4C83-B0F2-88AB0B3CFAC1}.Debug|Any CPU.ActiveCfg = Debug|Any CPU
		{67C4ED0F-07CA-4C83-B0F2-88AB0B3CFAC1}.Debug|Any CPU.Build.0 = Debug|Any CPU
		{67C4ED0F-07CA-4C83-B0F2-88AB0B3CFAC1}.Release|Any CPU.ActiveCfg = Release|Any CPU
		{67C4ED0F-07CA-4C83-B0F2-88AB0B3CFAC1}.Release|Any CPU.Build.0 = Release|Any CPU
	EndGlobalSection
	GlobalSection(SolutionProperties) = preSolution
		HideSolutionNode = FALSE
	EndGlobalSection
	GlobalSection(ExtensibilityGlobals) = postSolution
		SolutionGuid = {4A158A25-1FA8-463A-9CBC-896E4E8AFDB0}
	EndGlobalSection
EndGlobal
